// !$*UTF8*$!
{
	archiveVersion = 1;
	classes = {
	};
	objectVersion = 48;
	objects = {

/* Begin PBXBuildFile section */
		1B7EBF5E20227199003DD378 /* AppDelegate.swift in Sources */ = {isa = PBXBuildFile; fileRef = 1B7EBF5D20227199003DD378 /* AppDelegate.swift */; };
		1B7EBF6020227199003DD378 /* ViewController.swift in Sources */ = {isa = PBXBuildFile; fileRef = 1B7EBF5F20227199003DD378 /* ViewController.swift */; };
		1B7EBF6320227199003DD378 /* Main.storyboard in Resources */ = {isa = PBXBuildFile; fileRef = 1B7EBF6120227199003DD378 /* Main.storyboard */; };
		1B7EBF6520227199003DD378 /* Assets.xcassets in Resources */ = {isa = PBXBuildFile; fileRef = 1B7EBF6420227199003DD378 /* Assets.xcassets */; };
		1B7EBF6820227199003DD378 /* LaunchScreen.storyboard in Resources */ = {isa = PBXBuildFile; fileRef = 1B7EBF6620227199003DD378 /* LaunchScreen.storyboard */; };
		1B7EBF7320227199003DD378 /* TipsTests.swift in Sources */ = {isa = PBXBuildFile; fileRef = 1B7EBF7220227199003DD378 /* TipsTests.swift */; };
		1B7EBF7E20227199003DD378 /* TipsUITests.swift in Sources */ = {isa = PBXBuildFile; fileRef = 1B7EBF7D20227199003DD378 /* TipsUITests.swift */; };
/* End PBXBuildFile section */

/* Begin PBXContainerItemProxy section */
		1B7EBF6F20227199003DD378 /* PBXContainerItemProxy */ = {
			isa = PBXContainerItemProxy;
			containerPortal = 1B7EBF5220227199003DD378 /* Project object */;
			proxyType = 1;
			remoteGlobalIDString = 1B7EBF5920227199003DD378;
			remoteInfo = Tips;
		};
		1B7EBF7A20227199003DD378 /* PBXContainerItemProxy */ = {
			isa = PBXContainerItemProxy;
			containerPortal = 1B7EBF5220227199003DD378 /* Project object */;
			proxyType = 1;
			remoteGlobalIDString = 1B7EBF5920227199003DD378;
			remoteInfo = Tips;
		};
/* End PBXContainerItemProxy section */

/* Begin PBXFileReference section */
		1B7EBF5A20227199003DD378 /* Tips.app */ = {isa = PBXFileReference; explicitFileType = wrapper.application; includeInIndex = 0; path = Tips.app; sourceTree = BUILT_PRODUCTS_DIR; };
		1B7EBF5D20227199003DD378 /* AppDelegate.swift */ = {isa = PBXFileReference; lastKnownFileType = sourcecode.swift; path = AppDelegate.swift; sourceTree = "<group>"; };
		1B7EBF5F20227199003DD378 /* ViewController.swift */ = {isa = PBXFileReference; lastKnownFileType = sourcecode.swift; path = ViewController.swift; sourceTree = "<group>"; };
		1B7EBF6220227199003DD378 /* Base */ = {isa = PBXFileReference; lastKnownFileType = file.storyboard; name = Base; path = Base.lproj/Main.storyboard; sourceTree = "<group>"; };
		1B7EBF6420227199003DD378 /* Assets.xcassets */ = {isa = PBXFileReference; lastKnownFileType = folder.assetcatalog; path = Assets.xcassets; sourceTree = "<group>"; };
		1B7EBF6720227199003DD378 /* Base */ = {isa = PBXFileReference; lastKnownFileType = file.storyboard; name = Base; path = Base.lproj/LaunchScreen.storyboard; sourceTree = "<group>"; };
		1B7EBF6920227199003DD378 /* Info.plist */ = {isa = PBXFileReference; lastKnownFileType = text.plist.xml; path = Info.plist; sourceTree = "<group>"; };
		1B7EBF6E20227199003DD378 /* TipsTests.xctest */ = {isa = PBXFileReference; explicitFileType = wrapper.cfbundle; includeInIndex = 0; path = TipsTests.xctest; sourceTree = BUILT_PRODUCTS_DIR; };
		1B7EBF7220227199003DD378 /* TipsTests.swift */ = {isa = PBXFileReference; lastKnownFileType = sourcecode.swift; path = TipsTests.swift; sourceTree = "<group>"; };
		1B7EBF7420227199003DD378 /* Info.plist */ = {isa = PBXFileReference; lastKnownFileType = text.plist.xml; path = Info.plist; sourceTree = "<group>"; };
		1B7EBF7920227199003DD378 /* TipsUITests.xctest */ = {isa = PBXFileReference; explicitFileType = wrapper.cfbundle; includeInIndex = 0; path = TipsUITests.xctest; sourceTree = BUILT_PRODUCTS_DIR; };
		1B7EBF7D20227199003DD378 /* TipsUITests.swift */ = {isa = PBXFileReference; lastKnownFileType = sourcecode.swift; path = TipsUITests.swift; sourceTree = "<group>"; };
		1B7EBF7F20227199003DD378 /* Info.plist */ = {isa = PBXFileReference; lastKnownFileType = text.plist.xml; path = Info.plist; sourceTree = "<group>"; };
/* End PBXFileReference section */

/* Begin PBXFrameworksBuildPhase section */
		1B7EBF5720227199003DD378 /* Frameworks */ = {
			isa = PBXFrameworksBuildPhase;
			buildActionMask = 2147483647;
			files = (
			);
			runOnlyForDeploymentPostprocessing = 0;
		};
		1B7EBF6B20227199003DD378 /* Frameworks */ = {
			isa = PBXFrameworksBuildPhase;
			buildActionMask = 2147483647;
			files = (
			);
			runOnlyForDeploymentPostprocessing = 0;
		};
		1B7EBF7620227199003DD378 /* Frameworks */ = {
			isa = PBXFrameworksBuildPhase;
			buildActionMask = 2147483647;
			files = (
			);
			runOnlyForDeploymentPostprocessing = 0;
		};
/* End PBXFrameworksBuildPhase section */

/* Begin PBXGroup section */
		1B7EBF5120227199003DD378 = {
			isa = PBXGroup;
			children = (
				1B7EBF5C20227199003DD378 /* Tips */,
				1B7EBF7120227199003DD378 /* TipsTests */,
				1B7EBF7C20227199003DD378 /* TipsUITests */,
				1B7EBF5B20227199003DD378 /* Products */,
			);
			sourceTree = "<group>";
		};
		1B7EBF5B20227199003DD378 /* Products */ = {
			isa = PBXGroup;
			children = (
				1B7EBF5A20227199003DD378 /* Tips.app */,
				1B7EBF6E20227199003DD378 /* TipsTests.xctest */,
				1B7EBF7920227199003DD378 /* TipsUITests.xctest */,
			);
			name = Products;
			sourceTree = "<group>";
		};
		1B7EBF5C20227199003DD378 /* Tips */ = {
			isa = PBXGroup;
			children = (
				1B7EBF5D20227199003DD378 /* AppDelegate.swift */,
				1B7EBF5F20227199003DD378 /* ViewController.swift */,
				1B7EBF6120227199003DD378 /* Main.storyboard */,
				1B7EBF6420227199003DD378 /* Assets.xcassets */,
				1B7EBF6620227199003DD378 /* LaunchScreen.storyboard */,
				1B7EBF6920227199003DD378 /* Info.plist */,
			);
			path = Tips;
			sourceTree = "<group>";
		};
		1B7EBF7120227199003DD378 /* TipsTests */ = {
			isa = PBXGroup;
			children = (
				1B7EBF7220227199003DD378 /* TipsTests.swift */,
				1B7EBF7420227199003DD378 /* Info.plist */,
			);
			path = TipsTests;
			sourceTree = "<group>";
		};
		1B7EBF7C20227199003DD378 /* TipsUITests */ = {
			isa = PBXGroup;
			children = (
				1B7EBF7D20227199003DD378 /* TipsUITests.swift */,
				1B7EBF7F20227199003DD378 /* Info.plist */,
			);
			path = TipsUITests;
			sourceTree = "<group>";
		};
/* End PBXGroup section */

/* Begin PBXNativeTarget section */
		1B7EBF5920227199003DD378 /* Tips */ = {
			isa = PBXNativeTarget;
			buildConfigurationList = 1B7EBF8220227199003DD378 /* Build configuration list for PBXNativeTarget "Tips" */;
			buildPhases = (
				1B7EBF5620227199003DD378 /* Sources */,
				1B7EBF5720227199003DD378 /* Frameworks */,
				1B7EBF5820227199003DD378 /* Resources */,
			);
			buildRules = (
			);
			dependencies = (
			);
			name = Tips;
			productName = Tips;
			productReference = 1B7EBF5A20227199003DD378 /* Tips.app */;
			productType = "com.apple.product-type.application";
		};
		1B7EBF6D20227199003DD378 /* TipsTests */ = {
			isa = PBXNativeTarget;
			buildConfigurationList = 1B7EBF8520227199003DD378 /* Build configuration list for PBXNativeTarget "TipsTests" */;
			buildPhases = (
				1B7EBF6A20227199003DD378 /* Sources */,
				1B7EBF6B20227199003DD378 /* Frameworks */,
				1B7EBF6C20227199003DD378 /* Resources */,
			);
			buildRules = (
			);
			dependencies = (
				1B7EBF7020227199003DD378 /* PBXTargetDependency */,
			);
			name = TipsTests;
			productName = TipsTests;
			productReference = 1B7EBF6E20227199003DD378 /* TipsTests.xctest */;
			productType = "com.apple.product-type.bundle.unit-test";
		};
		1B7EBF7820227199003DD378 /* TipsUITests */ = {
			isa = PBXNativeTarget;
			buildConfigurationList = 1B7EBF8820227199003DD378 /* Build configuration list for PBXNativeTarget "TipsUITests" */;
			buildPhases = (
				1B7EBF7520227199003DD378 /* Sources */,
				1B7EBF7620227199003DD378 /* Frameworks */,
				1B7EBF7720227199003DD378 /* Resources */,
			);
			buildRules = (
			);
			dependencies = (
				1B7EBF7B20227199003DD378 /* PBXTargetDependency */,
			);
			name = TipsUITests;
			productName = TipsUITests;
			productReference = 1B7EBF7920227199003DD378 /* TipsUITests.xctest */;
			productType = "com.apple.product-type.bundle.ui-testing";
		};
/* End PBXNativeTarget section */

/* Begin PBXProject section */
		1B7EBF5220227199003DD378 /* Project object */ = {
			isa = PBXProject;
			attributes = {
				LastSwiftUpdateCheck = 0920;
				LastUpgradeCheck = 0920;
				ORGANIZATIONNAME = Mercy;
				TargetAttributes = {
					1B7EBF5920227199003DD378 = {
						CreatedOnToolsVersion = 9.2;
						ProvisioningStyle = Automatic;
					};
					1B7EBF6D20227199003DD378 = {
						CreatedOnToolsVersion = 9.2;
						ProvisioningStyle = Automatic;
						TestTargetID = 1B7EBF5920227199003DD378;
					};
					1B7EBF7820227199003DD378 = {
						CreatedOnToolsVersion = 9.2;
						ProvisioningStyle = Automatic;
						TestTargetID = 1B7EBF5920227199003DD378;
					};
				};
			};
			buildConfigurationList = 1B7EBF5520227199003DD378 /* Build configuration list for PBXProject "Tips" */;
			compatibilityVersion = "Xcode 8.0";
			developmentRegion = en;
			hasScannedForEncodings = 0;
			knownRegions = (
				en,
				Base,
			);
			mainGroup = 1B7EBF5120227199003DD378;
			productRefGroup = 1B7EBF5B20227199003DD378 /* Products */;
			projectDirPath = "";
			projectRoot = "";
			targets = (
				1B7EBF5920227199003DD378 /* Tips */,
				1B7EBF6D20227199003DD378 /* TipsTests */,
				1B7EBF7820227199003DD378 /* TipsUITests */,
			);
		};
/* End PBXProject section */

/* Begin PBXResourcesBuildPhase section */
		1B7EBF5820227199003DD378 /* Resources */ = {
			isa = PBXResourcesBuildPhase;
			buildActionMask = 2147483647;
			files = (
				1B7EBF6820227199003DD378 /* LaunchScreen.storyboard in Resources */,
				1B7EBF6520227199003DD378 /* Assets.xcassets in Resources */,
				1B7EBF6320227199003DD378 /* Main.storyboard in Resources */,
			);
			runOnlyForDeploymentPostprocessing = 0;
		};
		1B7EBF6C20227199003DD378 /* Resources */ = {
			isa = PBXResourcesBuildPhase;
			buildActionMask = 2147483647;
			files = (
			);
			runOnlyForDeploymentPostprocessing = 0;
		};
		1B7EBF7720227199003DD378 /* Resources */ = {
			isa = PBXResourcesBuildPhase;
			buildActionMask = 2147483647;
			files = (
			);
			runOnlyForDeploymentPostprocessing = 0;
		};
/* End PBXResourcesBuildPhase section */

/* Begin PBXSourcesBuildPhase section */
		1B7EBF5620227199003DD378 /* Sources */ = {
			isa = PBXSourcesBuildPhase;
			buildActionMask = 2147483647;
			files = (
				1B7EBF6020227199003DD378 /* ViewController.swift in Sources */,
				1B7EBF5E20227199003DD378 /* AppDelegate.swift in Sources */,
			);
			runOnlyForDeploymentPostprocessing = 0;
		};
		1B7EBF6A20227199003DD378 /* Sources */ = {
			isa = PBXSourcesBuildPhase;
			buildActionMask = 2147483647;
			files = (
				1B7EBF7320227199003DD378 /* TipsTests.swift in Sources */,
			);
			runOnlyForDeploymentPostprocessing = 0;
		};
		1B7EBF7520227199003DD378 /* Sources */ = {
			isa = PBXSourcesBuildPhase;
			buildActionMask = 2147483647;
			files = (
				1B7EBF7E20227199003DD378 /* TipsUITests.swift in Sources */,
			);
			runOnlyForDeploymentPostprocessing = 0;
		};
/* End PBXSourcesBuildPhase section */

/* Begin PBXTargetDependency section */
		1B7EBF7020227199003DD378 /* PBXTargetDependency */ = {
			isa = PBXTargetDependency;
			target = 1B7EBF5920227199003DD378 /* Tips */;
			targetProxy = 1B7EBF6F20227199003DD378 /* PBXContainerItemProxy */;
		};
		1B7EBF7B20227199003DD378 /* PBXTargetDependency */ = {
			isa = PBXTargetDependency;
			target = 1B7EBF5920227199003DD378 /* Tips */;
			targetProxy = 1B7EBF7A20227199003DD378 /* PBXContainerItemProxy */;
		};
/* End PBXTargetDependency section */

/* Begin PBXVariantGroup section */
		1B7EBF6120227199003DD378 /* Main.storyboard */ = {
			isa = PBXVariantGroup;
			children = (
				1B7EBF6220227199003DD378 /* Base */,
			);
			name = Main.storyboard;
			sourceTree = "<group>";
		};
		1B7EBF6620227199003DD378 /* LaunchScreen.storyboard */ = {
			isa = PBXVariantGroup;
			children = (
				1B7EBF6720227199003DD378 /* Base */,
			);
			name = LaunchScreen.storyboard;
			sourceTree = "<group>";
		};
/* End PBXVariantGroup section */

/* Begin XCBuildConfiguration section */
		1B7EBF8020227199003DD378 /* Debug */ = {
			isa = XCBuildConfiguration;
			buildSettings = {
				ALWAYS_SEARCH_USER_PATHS = NO;
				CLANG_ANALYZER_NONNULL = YES;
				CLANG_ANALYZER_NUMBER_OBJECT_CONVERSION = YES_AGGRESSIVE;
				CLANG_CXX_LANGUAGE_STANDARD = "gnu++14";
				CLANG_CXX_LIBRARY = "libc++";
				CLANG_ENABLE_MODULES = YES;
				CLANG_ENABLE_OBJC_ARC = YES;
				CLANG_WARN_BLOCK_CAPTURE_AUTORELEASING = YES;
				CLANG_WARN_BOOL_CONVERSION = YES;
				CLANG_WARN_COMMA = YES;
				CLANG_WARN_CONSTANT_CONVERSION = YES;
				CLANG_WARN_DIRECT_OBJC_ISA_USAGE = YES_ERROR;
				CLANG_WARN_DOCUMENTATION_COMMENTS = YES;
				CLANG_WARN_EMPTY_BODY = YES;
				CLANG_WARN_ENUM_CONVERSION = YES;
				CLANG_WARN_INFINITE_RECURSION = YES;
				CLANG_WARN_INT_CONVERSION = YES;
				CLANG_WARN_NON_LITERAL_NULL_CONVERSION = YES;
				CLANG_WARN_OBJC_LITERAL_CONVERSION = YES;
				CLANG_WARN_OBJC_ROOT_CLASS = YES_ERROR;
				CLANG_WARN_RANGE_LOOP_ANALYSIS = YES;
				CLANG_WARN_STRICT_PROTOTYPES = YES;
				CLANG_WARN_SUSPICIOUS_MOVE = YES;
				CLANG_WARN_UNGUARDED_AVAILABILITY = YES_AGGRESSIVE;
				CLANG_WARN_UNREACHABLE_CODE = YES;
				CLANG_WARN__DUPLICATE_METHOD_MATCH = YES;
				CODE_SIGN_IDENTITY = "iPhone Developer";
				COPY_PHASE_STRIP = NO;
				DEBUG_INFORMATION_FORMAT = dwarf;
				ENABLE_STRICT_OBJC_MSGSEND = YES;
				ENABLE_TESTABILITY = YES;
				GCC_C_LANGUAGE_STANDARD = gnu11;
				GCC_DYNAMIC_NO_PIC = NO;
				GCC_NO_COMMON_BLOCKS = YES;
				GCC_OPTIMIZATION_LEVEL = 0;
				GCC_PREPROCESSOR_DEFINITIONS = (
					"DEBUG=1",
					"$(inherited)",
				);
				GCC_WARN_64_TO_32_BIT_CONVERSION = YES;
				GCC_WARN_ABOUT_RETURN_TYPE = YES_ERROR;
				GCC_WARN_UNDECLARED_SELECTOR = YES;
				GCC_WARN_UNINITIALIZED_AUTOS = YES_AGGRESSIVE;
				GCC_WARN_UNUSED_FUNCTION = YES;
				GCC_WARN_UNUSED_VARIABLE = YES;
				IPHONEOS_DEPLOYMENT_TARGET = 11.2;
				MTL_ENABLE_DEBUG_INFO = YES;
				ONLY_ACTIVE_ARCH = YES;
				SDKROOT = iphoneos;
				SWIFT_ACTIVE_COMPILATION_CONDITIONS = DEBUG;
				SWIFT_OPTIMIZATION_LEVEL = "-Onone";
			};
			name = Debug;
		};
		1B7EBF8120227199003DD378 /* Release */ = {
			isa = XCBuildConfiguration;
			buildSettings = {
				ALWAYS_SEARCH_USER_PATHS = NO;
				CLANG_ANALYZER_NONNULL = YES;
				CLANG_ANALYZER_NUMBER_OBJECT_CONVERSION = YES_AGGRESSIVE;
				CLANG_CXX_LANGUAGE_STANDARD = "gnu++14";
				CLANG_CXX_LIBRARY = "libc++";
				CLANG_ENABLE_MODULES = YES;
				CLANG_ENABLE_OBJC_ARC = YES;
				CLANG_WARN_BLOCK_CAPTURE_AUTORELEASING = YES;
				CLANG_WARN_BOOL_CONVERSION = YES;
				CLANG_WARN_COMMA = YES;
				CLANG_WARN_CONSTANT_CONVERSION = YES;
				CLANG_WARN_DIRECT_OBJC_ISA_USAGE = YES_ERROR;
				CLANG_WARN_DOCUMENTATION_COMMENTS = YES;
				CLANG_WARN_EMPTY_BODY = YES;
				CLANG_WARN_ENUM_CONVERSION = YES;
				CLANG_WARN_INFINITE_RECURSION = YES;
				CLANG_WARN_INT_CONVERSION = YES;
				CLANG_WARN_NON_LITERAL_NULL_CONVERSION = YES;
				CLANG_WARN_OBJC_LITERAL_CONVERSION = YES;
				CLANG_WARN_OBJC_ROOT_CLASS = YES_ERROR;
				CLANG_WARN_RANGE_LOOP_ANALYSIS = YES;
				CLANG_WARN_STRICT_PROTOTYPES = YES;
				CLANG_WARN_SUSPICIOUS_MOVE = YES;
				CLANG_WARN_UNGUARDED_AVAILABILITY = YES_AGGRESSIVE;
				CLANG_WARN_UNREACHABLE_CODE = YES;
				CLANG_WARN__DUPLICATE_METHOD_MATCH = YES;
				CODE_SIGN_IDENTITY = "iPhone Developer";
				COPY_PHASE_STRIP = NO;
				DEBUG_INFORMATION_FORMAT = "dwarf-with-dsym";
				ENABLE_NS_ASSERTIONS = NO;
				ENABLE_STRICT_OBJC_MSGSEND = YES;
				GCC_C_LANGUAGE_STANDARD = gnu11;
				GCC_NO_COMMON_BLOCKS = YES;
				GCC_WARN_64_TO_32_BIT_CONVERSION = YES;
				GCC_WARN_ABOUT_RETURN_TYPE = YES_ERROR;
				GCC_WARN_UNDECLARED_SELECTOR = YES;
				GCC_WARN_UNINITIALIZED_AUTOS = YES_AGGRESSIVE;
				GCC_WARN_UNUSED_FUNCTION = YES;
				GCC_WARN_UNUSED_VARIABLE = YES;
				IPHONEOS_DEPLOYMENT_TARGET = 11.2;
				MTL_ENABLE_DEBUG_INFO = NO;
				SDKROOT = iphoneos;
				SWIFT_OPTIMIZATION_LEVEL = "-Owholemodule";
				VALIDATE_PRODUCT = YES;
			};
			name = Release;
		};
		1B7EBF8320227199003DD378 /* Debug */ = {
			isa = XCBuildConfiguration;
			buildSettings = {
				ASSETCATALOG_COMPILER_APPICON_NAME = AppIcon;
				CODE_SIGN_STYLE = Automatic;
				INFOPLIST_FILE = Tips/Info.plist;
				LD_RUNPATH_SEARCH_PATHS = "$(inherited) @executable_path/Frameworks";
				PRODUCT_BUNDLE_IDENTIFIER = tiaunad.Tips;
				PRODUCT_NAME = "$(TARGET_NAME)";
				SWIFT_VERSION = 4.0;
				TARGETED_DEVICE_FAMILY = "1,2";
			};
			name = Debug;
		};
		1B7EBF8420227199003DD378 /* Release */ = {
			isa = XCBuildConfiguration;
			buildSettings = {
				ASSETCATALOG_COMPILER_APPICON_NAME = AppIcon;
				CODE_SIGN_STYLE = Automatic;
				INFOPLIST_FILE = Tips/Info.plist;
				LD_RUNPATH_SEARCH_PATHS = "$(inherited) @executable_path/Frameworks";
				PRODUCT_BUNDLE_IDENTIFIER = tiaunad.Tips;
				PRODUCT_NAME = "$(TARGET_NAME)";
				SWIFT_VERSION = 4.0;
				TARGETED_DEVICE_FAMILY = "1,2";
			};
			name = Release;
		};
		1B7EBF8620227199003DD378 /* Debug */ = {
			isa = XCBuildConfiguration;
			buildSettings = {
				ALWAYS_EMBED_SWIFT_STANDARD_LIBRARIES = YES;
				BUNDLE_LOADER = "$(TEST_HOST)";
				CODE_SIGN_STYLE = Automatic;
				INFOPLIST_FILE = TipsTests/Info.plist;
				LD_RUNPATH_SEARCH_PATHS = "$(inherited) @executable_path/Frameworks @loader_path/Frameworks";
				PRODUCT_BUNDLE_IDENTIFIER = tiaunad.TipsTests;
				PRODUCT_NAME = "$(TARGET_NAME)";
				SWIFT_VERSION = 4.0;
				TARGETED_DEVICE_FAMILY = "1,2";
				TEST_HOST = "$(BUILT_PRODUCTS_DIR)/Tips.app/Tips";
			};
			name = Debug;
		};
		1B7EBF8720227199003DD378 /* Release */ = {
			isa = XCBuildConfiguration;
			buildSettings = {
				ALWAYS_EMBED_SWIFT_STANDARD_LIBRARIES = YES;
				BUNDLE_LOADER = "$(TEST_HOST)";
				CODE_SIGN_STYLE = Automatic;
				INFOPLIST_FILE = TipsTests/Info.plist;
				LD_RUNPATH_SEARCH_PATHS = "$(inherited) @executable_path/Frameworks @loader_path/Frameworks";
				PRODUCT_BUNDLE_IDENTIFIER = tiaunad.TipsTests;
				PRODUCT_NAME = "$(TARGET_NAME)";
				SWIFT_VERSION = 4.0;
				TARGETED_DEVICE_FAMILY = "1,2";
				TEST_HOST = "$(BUILT_PRODUCTS_DIR)/Tips.app/Tips";
			};
			name = Release;
		};
		1B7EBF8920227199003DD378 /* Debug */ = {
			isa = XCBuildConfiguration;
			buildSettings = {
				ALWAYS_EMBED_SWIFT_STANDARD_LIBRARIES = YES;
				CODE_SIGN_STYLE = Automatic;
				INFOPLIST_FILE = TipsUITests/Info.plist;
				LD_RUNPATH_SEARCH_PATHS = "$(inherited) @executable_path/Frameworks @loader_path/Frameworks";
				PRODUCT_BUNDLE_IDENTIFIER = tiaunad.TipsUITests;
				PRODUCT_NAME = "$(TARGET_NAME)";
				SWIFT_VERSION = 4.0;
				TARGETED_DEVICE_FAMILY = "1,2";
				TEST_TARGET_NAME = Tips;
			};
			name = Debug;
		};
		1B7EBF8A20227199003DD378 /* Release */ = {
			isa = XCBuildConfiguration;
			buildSettings = {
				ALWAYS_EMBED_SWIFT_STANDARD_LIBRARIES = YES;
				CODE_SIGN_STYLE = Automatic;
				INFOPLIST_FILE = TipsUITests/Info.plist;
				LD_RUNPATH_SEARCH_PATHS = "$(inherited) @executable_path/Frameworks @loader_path/Frameworks";
				PRODUCT_BUNDLE_IDENTIFIER = tiaunad.TipsUITests;
				PRODUCT_NAME = "$(TARGET_NAME)";
				SWIFT_VERSION = 4.0;
				TARGETED_DEVICE_FAMILY = "1,2";
				TEST_TARGET_NAME = Tips;
			};
			name = Release;
		};
/* End XCBuildConfiguration section */

/* Begin XCConfigurationList section */
		1B7EBF5520227199003DD378 /* Build configuration list for PBXProject "Tips" */ = {
			isa = XCConfigurationList;
			buildConfigurations = (
				1B7EBF8020227199003DD378 /* Debug */,
				1B7EBF8120227199003DD378 /* Release */,
			);
			defaultConfigurationIsVisible = 0;
			defaultConfigurationName = Release;
		};
		1B7EBF8220227199003DD378 /* Build configuration list for PBXNativeTarget "Tips" */ = {
			isa = XCConfigurationList;
			buildConfigurations = (
				1B7EBF8320227199003DD378 /* Debug */,
				1B7EBF8420227199003DD378 /* Release */,
			);
			defaultConfigurationIsVisible = 0;
			defaultConfigurationName = Release;
		};
		1B7EBF8520227199003DD378 /* Build configuration list for PBXNativeTarget "TipsTests" */ = {
			isa = XCConfigurationList;
			buildConfigurations = (
				1B7EBF8620227199003DD378 /* Debug */,
				1B7EBF8720227199003DD378 /* Release */,
			);
			defaultConfigurationIsVisible = 0;
			defaultConfigurationName = Release;
		};
		1B7EBF8820227199003DD378 /* Build configuration list for PBXNativeTarget "TipsUITests" */ = {
			isa = XCConfigurationList;
			buildConfigurations = (
				1B7EBF8920227199003DD378 /* Debug */,
				1B7EBF8A20227199003DD378 /* Release */,
			);
			defaultConfigurationIsVisible = 0;
			defaultConfigurationName = Release;
		};
/* End XCConfigurationList section */
	};
	rootObject = 1B7EBF5220227199003DD378 /* Project object */;
}
